
Microsoft Visual Studio Solution File, Format Version 12.00
# Visual Studio Version 16
VisualStudioVersion = 16.0.32002.261
MinimumVisualStudioVersion = 10.0.40219.1
Project("{FAE04EC0-301F-11D3-BF4B-00C04F79EFBC}") = "Habit-Tracker", "Habit-Tracker\Habit-Tracker.csproj", "{F6CF4AA5-3E20-4D2F-A9A3-79CA81065EFB}"
EndProject
Global
	GlobalSection(SolutionConfigurationPlatforms) = preSolution
		Debug|Any CPU = Debug|Any CPU
		Release|Any CPU = Release|Any CPU
	EndGlobalSection
	GlobalSection(ProjectConfigurationPlatforms) = postSolution
		{F6CF4AA5-3E20-4D2F-A9A3-79CA81065EFB}.Debug|Any CPU.ActiveCfg = Debug|Any CPU
		{F6CF4AA5-3E20-4D2F-A9A3-79CA81065EFB}.Debug|Any CPU.Build.0 = Debug|Any CPU
		{F6CF4AA5-3E20-4D2F-A9A3-79CA81065EFB}.Release|Any CPU.ActiveCfg = Release|Any CPU
		{F6CF4AA5-3E20-4D2F-A9A3-79CA81065EFB}.Release|Any CPU.Build.0 = Release|Any CPU
	EndGlobalSection
	GlobalSection(SolutionProperties) = preSolution
		HideSolutionNode = FALSE
	EndGlobalSection
	GlobalSection(ExtensibilityGlobals) = postSolution
		SolutionGuid = {9A563C26-A59C-4968-98BB-4EDE38E4FC70}
	EndGlobalSection
EndGlobal
